<?xml version="1.0" encoding="UTF-8" standalone="yes" ?>
<CodeBlocks_project_file>
	<FileVersion major="1" minor="6" />
	<Project>
		<Option title="ICEBOX" />
		<Option pch_mode="2" />
		<Option compiler="gcc" />
		<Build>
			<Target title="Debug">
				<Option output="bin/Debug/ICEBOX" prefix_auto="1" extension_auto="1" />
				<Option object_output="obj/Debug/" />
				<Option type="1" />
				<Option compiler="gcc" />
				<Compiler>
					<Add option="-g" />
				</Compiler>
			</Target>
			<Target title="Release">
				<Option output="bin/Release/ICEBOX" prefix_auto="1" extension_auto="1" />
				<Option object_output="obj/Release/" />
				<Option type="1" />
				<Option compiler="gcc" />
				<Compiler>
					<Add option="-O2" />
				</Compiler>
				<Linker>
					<Add option="-s" />
				</Linker>
			</Target>
		</Build>
		<Compiler>
			<Add option="-Wall" />
		</Compiler>
		<Unit filename="Button_init.h" />
		<Unit filename="Buttonclass.h" />
		<Unit filename="Buttonclassfunction.h" />
		<Unit filename="Charclass.h" />
		<Unit filename="Charclassfunction.h" />
		<Unit filename="Enemy.h" />
		<Unit filename="Enemyclassfunction.h" />
		<Unit filename="LTextureclass.h" />
		<Unit filename="LTextureclassfunction.h" />
		<Unit filename="LTimerclass.h" />
		<Unit filename="bulletclass.h" />
		<Unit filename="bulletclassfunction.h" />
		<Unit filename="checkvision.h" />
		<Unit filename="collision.h" />
		<Unit filename="init.h" />
		<Unit filename="loadmedia.h" />
		<Unit filename="reset.h" />
		<Unit filename="set_position.h" />
		<Unit filename="txt.cpp" />
		<Extensions />
	</Project>
</CodeBlocks_project_file>
